
Microsoft Visual Studio Solution File, Format Version 12.00
# Visual Studio Version 17
VisualStudioVersion = 17.5.33424.131
MinimumVisualStudioVersion = 10.0.40219.1
Project("{FAE04EC0-301F-11D3-BF4B-00C04F79EFBC}") = "SSHUploader", "SSHUploader.csproj", "{3ED70AAD-DCA5-4C5C-AD50-878EA7FD3553}"
EndProject
Global
	GlobalSection(SolutionConfigurationPlatforms) = preSolution
		Debug|Any CPU = Debug|Any CPU
		Release|Any CPU = Release|Any CPU
	EndGlobalSection
	GlobalSection(ProjectConfigurationPlatforms) = postSolution
		{3ED70AAD-DCA5-4C5C-AD50-878EA7FD3553}.Debug|Any CPU.ActiveCfg = Debug|Any CPU
		{3ED70AAD-DCA5-4C5C-AD50-878EA7FD3553}.Debug|Any CPU.Build.0 = Debug|Any CPU
		{3ED70AAD-DCA5-4C5C-AD50-878EA7FD3553}.Release|Any CPU.ActiveCfg = Release|Any CPU
		{3ED70AAD-DCA5-4C5C-AD50-878EA7FD3553}.Release|Any CPU.Build.0 = Release|Any CPU
	EndGlobalSection
	GlobalSection(SolutionProperties) = preSolution
		HideSolutionNode = FALSE
	EndGlobalSection
	GlobalSection(ExtensibilityGlobals) = postSolution
		SolutionGuid = {376AC605-7EAB-4E0C-A2CB-F28F1151307C}
	EndGlobalSection
EndGlobal
